// !$*UTF8*$!
{
	archiveVersion = 1;
	classes = {
	};
	objectVersion = 77;
	objects = {

/* Begin PBXContainerItemProxy section */
		FDACBF8F2DA5CC0000866C0E /* PBXContainerItemProxy */ = {
			isa = PBXContainerItemProxy;
			containerPortal = FDACBF742DA5CBFE00866C0E /* Project object */;
			proxyType = 1;
			remoteGlobalIDString = FDACBF7B2DA5CBFE00866C0E;
			remoteInfo = CampusEvents;
		};
		FDACBF992DA5CC0000866C0E /* PBXContainerItemProxy */ = {
			isa = PBXContainerItemProxy;
			containerPortal = FDACBF742DA5CBFE00866C0E /* Project object */;
			proxyType = 1;
			remoteGlobalIDString = FDACBF7B2DA5CBFE00866C0E;
			remoteInfo = CampusEvents;
		};
/* End PBXContainerItemProxy section */

/* Begin PBXFileReference section */
		FDACBF7C2DA5CBFE00866C0E /* CampusEvents.app */ = {isa = PBXFileReference; explicitFileType = wrapper.application; includeInIndex = 0; path = CampusEvents.app; sourceTree = BUILT_PRODUCTS_DIR; };
		FDACBF8E2DA5CC0000866C0E /* CampusEventsTests.xctest */ = {isa = PBXFileReference; explicitFileType = wrapper.cfbundle; includeInIndex = 0; path = CampusEventsTests.xctest; sourceTree = BUILT_PRODUCTS_DIR; };
		FDACBF982DA5CC0000866C0E /* CampusEventsUITests.xctest */ = {isa = PBXFileReference; explicitFileType = wrapper.cfbundle; includeInIndex = 0; path = CampusEventsUITests.xctest; sourceTree = BUILT_PRODUCTS_DIR; };
/* End PBXFileReference section */

/* Begin PBXFileSystemSynchronizedRootGroup section */
		FDACBF7E2DA5CBFE00866C0E /* CampusEvents */ = {
			isa = PBXFileSystemSynchronizedRootGroup;
			path = CampusEvents;
			sourceTree = "<group>";
		};
		FDACBF912DA5CC0000866C0E /* CampusEventsTests */ = {
			isa = PBXFileSystemSynchronizedRootGroup;
			path = CampusEventsTests;
			sourceTree = "<group>";
		};
		FDACBF9B2DA5CC0000866C0E /* CampusEventsUITests */ = {
			isa = PBXFileSystemSynchronizedRootGroup;
			path = CampusEventsUITests;
			sourceTree = "<group>";
		};
/* End PBXFileSystemSynchronizedRootGroup section */

/* Begin PBXFrameworksBuildPhase section */
		FDACBF792DA5CBFE00866C0E /* Frameworks */ = {
			isa = PBXFrameworksBuildPhase;
			buildActionMask = 2147483647;
			files = (
			);
			runOnlyForDeploymentPostprocessing = 0;
		};
		FDACBF8B2DA5CC0000866C0E /* Frameworks */ = {
			isa = PBXFrameworksBuildPhase;
			buildActionMask = 2147483647;
			files = (
			);
			runOnlyForDeploymentPostprocessing = 0;
		};
		FDACBF952DA5CC0000866C0E /* Frameworks */ = {
			isa = PBXFrameworksBuildPhase;
			buildActionMask = 2147483647;
			files = (
			);
			runOnlyForDeploymentPostprocessing = 0;
		};
/* End PBXFrameworksBuildPhase section */

/* Begin PBXGroup section */
		FDACBF732DA5CBFE00866C0E = {
			isa = PBXGroup;
			children = (
				FDACBF7E2DA5CBFE00866C0E /* CampusEvents */,
				FDACBF912DA5CC0000866C0E /* CampusEventsTests */,
				FDACBF9B2DA5CC0000866C0E /* CampusEventsUITests */,
				FDACBF7D2DA5CBFE00866C0E /* Products */,
			);
			sourceTree = "<group>";
		};
		FDACBF7D2DA5CBFE00866C0E /* Products */ = {
			isa = PBXGroup;
			children = (
				FDACBF7C2DA5CBFE00866C0E /* CampusEvents.app */,
				FDACBF8E2DA5CC0000866C0E /* CampusEventsTests.xctest */,
				FDACBF982DA5CC0000866C0E /* CampusEventsUITests.xctest */,
			);
			name = Products;
			sourceTree = "<group>";
		};
/* End PBXGroup section */

/* Begin PBXNativeTarget section */
		FDACBF7B2DA5CBFE00866C0E /* CampusEvents */ = {
			isa = PBXNativeTarget;
			buildConfigurationList = FDACBFA22DA5CC0000866C0E /* Build configuration list for PBXNativeTarget "CampusEvents" */;
			buildPhases = (
				FDACBF782DA5CBFE00866C0E /* Sources */,
				FDACBF792DA5CBFE00866C0E /* Frameworks */,
				FDACBF7A2DA5CBFE00866C0E /* Resources */,
			);
			buildRules = (
			);
			dependencies = (
			);
			fileSystemSynchronizedGroups = (
				FDACBF7E2DA5CBFE00866C0E /* CampusEvents */,
			);
			name = CampusEvents;
			packageProductDependencies = (
			);
			productName = CampusEvents;
			productReference = FDACBF7C2DA5CBFE00866C0E /* CampusEvents.app */;
			productType = "com.apple.product-type.application";
		};
		FDACBF8D2DA5CC0000866C0E /* CampusEventsTests */ = {
			isa = PBXNativeTarget;
			buildConfigurationList = FDACBFA52DA5CC0000866C0E /* Build configuration list for PBXNativeTarget "CampusEventsTests" */;
			buildPhases = (
				FDACBF8A2DA5CC0000866C0E /* Sources */,
				FDACBF8B2DA5CC0000866C0E /* Frameworks */,
				FDACBF8C2DA5CC0000866C0E /* Resources */,
			);
			buildRules = (
			);
			dependencies = (
				FDACBF902DA5CC0000866C0E /* PBXTargetDependency */,
			);
			fileSystemSynchronizedGroups = (
				FDACBF912DA5CC0000866C0E /* CampusEventsTests */,
			);
			name = CampusEventsTests;
			packageProductDependencies = (
			);
			productName = CampusEventsTests;
			productReference = FDACBF8E2DA5CC0000866C0E /* CampusEventsTests.xctest */;
			productType = "com.apple.product-type.bundle.unit-test";
		};
		FDACBF972DA5CC0000866C0E /* CampusEventsUITests */ = {
			isa = PBXNativeTarget;
			buildConfigurationList = FDACBFA82DA5CC0000866C0E /* Build configuration list for PBXNativeTarget "CampusEventsUITests" */;
			buildPhases = (
				FDACBF942DA5CC0000866C0E /* Sources */,
				FDACBF952DA5CC0000866C0E /* Frameworks */,
				FDACBF962DA5CC0000866C0E /* Resources */,
			);
			buildRules = (
			);
			dependencies = (
				FDACBF9A2DA5CC0000866C0E /* PBXTargetDependency */,
			);
			fileSystemSynchronizedGroups = (
				FDACBF9B2DA5CC0000866C0E /* CampusEventsUITests */,
			);
			name = CampusEventsUITests;
			packageProductDependencies = (
			);
			productName = CampusEventsUITests;
			productReference = FDACBF982DA5CC0000866C0E /* CampusEventsUITests.xctest */;
			productType = "com.apple.product-type.bundle.ui-testing";
		};
/* End PBXNativeTarget section */

/* Begin PBXProject section */
		FDACBF742DA5CBFE00866C0E /* Project object */ = {
			isa = PBXProject;
			attributes = {
				BuildIndependentTargetsInParallel = 1;
				LastSwiftUpdateCheck = 1620;
				LastUpgradeCheck = 2620;
				TargetAttributes = {
					FDACBF7B2DA5CBFE00866C0E = {
						CreatedOnToolsVersion = 16.2;
					};
					FDACBF8D2DA5CC0000866C0E = {
						CreatedOnToolsVersion = 16.2;
						TestTargetID = FDACBF7B2DA5CBFE00866C0E;
					};
					FDACBF972DA5CC0000866C0E = {
						CreatedOnToolsVersion = 16.2;
						TestTargetID = FDACBF7B2DA5CBFE00866C0E;
					};
				};
			};
			buildConfigurationList = FDACBF772DA5CBFE00866C0E /* Build configuration list for PBXProject "CampusEvents" */;
			developmentRegion = en;
			hasScannedForEncodings = 0;
			knownRegions = (
				en,
				Base,
			);
			mainGroup = FDACBF732DA5CBFE00866C0E;
			minimizedProjectReferenceProxies = 1;
			preferredProjectObjectVersion = 77;
			productRefGroup = FDACBF7D2DA5CBFE00866C0E /* Products */;
			projectDirPath = "";
			projectRoot = "";
			targets = (
				FDACBF7B2DA5CBFE00866C0E /* CampusEvents */,
				FDACBF8D2DA5CC0000866C0E /* CampusEventsTests */,
				FDACBF972DA5CC0000866C0E /* CampusEventsUITests */,
			);
		};
/* End PBXProject section */

/* Begin PBXResourcesBuildPhase section */
		FDACBF7A2DA5CBFE00866C0E /* Resources */ = {
			isa = PBXResourcesBuildPhase;
			buildActionMask = 2147483647;
			files = (
			);
			runOnlyForDeploymentPostprocessing = 0;
		};
		FDACBF8C2DA5CC0000866C0E /* Resources */ = {
			isa = PBXResourcesBuildPhase;
			buildActionMask = 2147483647;
			files = (
			);
			runOnlyForDeploymentPostprocessing = 0;
		};
		FDACBF962DA5CC0000866C0E /* Resources */ = {
			isa = PBXResourcesBuildPhase;
			buildActionMask = 2147483647;
			files = (
			);
			runOnlyForDeploymentPostprocessing = 0;
		};
/* End PBXResourcesBuildPhase section */

/* Begin PBXSourcesBuildPhase section */
		FDACBF782DA5CBFE00866C0E /* Sources */ = {
			isa = PBXSourcesBuildPhase;
			buildActionMask = 2147483647;
			files = (
			);
			runOnlyForDeploymentPostprocessing = 0;
		};
		FDACBF8A2DA5CC0000866C0E /* Sources */ = {
			isa = PBXSourcesBuildPhase;
			buildActionMask = 2147483647;
			files = (
			);
			runOnlyForDeploymentPostprocessing = 0;
		};
		FDACBF942DA5CC0000866C0E /* Sources */ = {
			isa = PBXSourcesBuildPhase;
			buildActionMask = 2147483647;
			files = (
			);
			runOnlyForDeploymentPostprocessing = 0;
		};
/* End PBXSourcesBuildPhase section */

/* Begin PBXTargetDependency section */
		FDACBF902DA5CC0000866C0E /* PBXTargetDependency */ = {
			isa = PBXTargetDependency;
			target = FDACBF7B2DA5CBFE00866C0E /* CampusEvents */;
			targetProxy = FDACBF8F2DA5CC0000866C0E /* PBXContainerItemProxy */;
		};
		FDACBF9A2DA5CC0000866C0E /* PBXTargetDependency */ = {
			isa = PBXTargetDependency;
			target = FDACBF7B2DA5CBFE00866C0E /* CampusEvents */;
			targetProxy = FDACBF992DA5CC0000866C0E /* PBXContainerItemProxy */;
		};
/* End PBXTargetDependency section */

/* Begin XCBuildConfiguration section */
		FDACBFA02DA5CC0000866C0E /* Debug */ = {
			isa = XCBuildConfiguration;
			buildSettings = {
				ALWAYS_SEARCH_USER_PATHS = NO;
				ASSETCATALOG_COMPILER_GENERATE_SWIFT_ASSET_SYMBOL_EXTENSIONS = YES;
				CLANG_ANALYZER_NONNULL = YES;
				CLANG_ANALYZER_NUMBER_OBJECT_CONVERSION = YES_AGGRESSIVE;
				CLANG_CXX_LANGUAGE_STANDARD = "gnu++20";
				CLANG_ENABLE_MODULES = YES;
				CLANG_ENABLE_OBJC_ARC = YES;
				CLANG_ENABLE_OBJC_WEAK = YES;
				CLANG_WARN_BLOCK_CAPTURE_AUTORELEASING = YES;
				CLANG_WARN_BOOL_CONVERSION = YES;
				CLANG_WARN_COMMA = YES;
				CLANG_WARN_CONSTANT_CONVERSION = YES;
				CLANG_WARN_DEPRECATED_OBJC_IMPLEMENTATIONS = YES;
				CLANG_WARN_DIRECT_OBJC_ISA_USAGE = YES_ERROR;
				CLANG_WARN_DOCUMENTATION_COMMENTS = YES;
				CLANG_WARN_EMPTY_BODY = YES;
				CLANG_WARN_ENUM_CONVERSION = YES;
				CLANG_WARN_INFINITE_RECURSION = YES;
				CLANG_WARN_INT_CONVERSION = YES;
				CLANG_WARN_NON_LITERAL_NULL_CONVERSION = YES;
				CLANG_WARN_OBJC_IMPLICIT_RETAIN_SELF = YES;
				CLANG_WARN_OBJC_LITERAL_CONVERSION = YES;
				CLANG_WARN_OBJC_ROOT_CLASS = YES_ERROR;
				CLANG_WARN_QUOTED_INCLUDE_IN_FRAMEWORK_HEADER = YES;
				CLANG_WARN_RANGE_LOOP_ANALYSIS = YES;
				CLANG_WARN_STRICT_PROTOTYPES = YES;
				CLANG_WARN_SUSPICIOUS_MOVE = YES;
				CLANG_WARN_UNGUARDED_AVAILABILITY = YES_AGGRESSIVE;
				CLANG_WARN_UNREACHABLE_CODE = YES;
				CLANG_WARN__DUPLICATE_METHOD_MATCH = YES;
				COPY_PHASE_STRIP = NO;
				DEBUG_INFORMATION_FORMAT = dwarf;
				ENABLE_STRICT_OBJC_MSGSEND = YES;
				ENABLE_TESTABILITY = YES;
				ENABLE_USER_SCRIPT_SANDBOXING = YES;
				GCC_C_LANGUAGE_STANDARD = gnu17;
				GCC_DYNAMIC_NO_PIC = NO;
				GCC_NO_COMMON_BLOCKS = YES;
				GCC_OPTIMIZATION_LEVEL = 0;
				GCC_PREPROCESSOR_DEFINITIONS = (
					"DEBUG=1",
					"$(inherited)",
				);
				GCC_WARN_64_TO_32_BIT_CONVERSION = YES;
				GCC_WARN_ABOUT_RETURN_TYPE = YES_ERROR;
				GCC_WARN_UNDECLARED_SELECTOR = YES;
				GCC_WARN_UNINITIALIZED_AUTOS = YES_AGGRESSIVE;
				GCC_WARN_UNUSED_FUNCTION = YES;
				GCC_WARN_UNUSED_VARIABLE = YES;
				IPHONEOS_DEPLOYMENT_TARGET = 18.2;
				LOCALIZATION_PREFERS_STRING_CATALOGS = YES;
				MTL_ENABLE_DEBUG_INFO = INCLUDE_SOURCE;
				MTL_FAST_MATH = YES;
				ONLY_ACTIVE_ARCH = YES;
				SDKROOT = iphoneos;
				STRING_CATALOG_GENERATE_SYMBOLS = YES;
				SWIFT_ACTIVE_COMPILATION_CONDITIONS = "DEBUG $(inherited)";
				SWIFT_OPTIMIZATION_LEVEL = "-Onone";
			};
			name = Debug;
		};
		FDACBFA12DA5CC0000866C0E /* Release */ = {
			isa = XCBuildConfiguration;
			buildSettings = {
				ALWAYS_SEARCH_USER_PATHS = NO;
				ASSETCATALOG_COMPILER_GENERATE_SWIFT_ASSET_SYMBOL_EXTENSIONS = YES;
				CLANG_ANALYZER_NONNULL = YES;
				CLANG_ANALYZER_NUMBER_OBJECT_CONVERSION = YES_AGGRESSIVE;
				CLANG_CXX_LANGUAGE_STANDARD = "gnu++20";
				CLANG_ENABLE_MODULES = YES;
				CLANG_ENABLE_OBJC_ARC = YES;
				CLANG_ENABLE_OBJC_WEAK = YES;
				CLANG_WARN_BLOCK_CAPTURE_AUTORELEASING = YES;
				CLANG_WARN_BOOL_CONVERSION = YES;
				CLANG_WARN_COMMA = YES;
				CLANG_WARN_CONSTANT_CONVERSION = YES;
				CLANG_WARN_DEPRECATED_OBJC_IMPLEMENTATIONS = YES;
				CLANG_WARN_DIRECT_OBJC_ISA_USAGE = YES_ERROR;
				CLANG_WARN_DOCUMENTATION_COMMENTS = YES;
				CLANG_WARN_EMPTY_BODY = YES;
				CLANG_WARN_ENUM_CONVERSION = YES;
				CLANG_WARN_INFINITE_RECURSION = YES;
				CLANG_WARN_INT_CONVERSION = YES;
				CLANG_WARN_NON_LITERAL_NULL_CONVERSION = YES;
				CLANG_WARN_OBJC_IMPLICIT_RETAIN_SELF = YES;
				CLANG_WARN_OBJC_LITERAL_CONVERSION = YES;
				CLANG_WARN_OBJC_ROOT_CLASS = YES_ERROR;
				CLANG_WARN_QUOTED_INCLUDE_IN_FRAMEWORK_HEADER = YES;
				CLANG_WARN_RANGE_LOOP_ANALYSIS = YES;
				CLANG_WARN_STRICT_PROTOTYPES = YES;
				CLANG_WARN_SUSPICIOUS_MOVE = YES;
				CLANG_WARN_UNGUARDED_AVAILABILITY = YES_AGGRESSIVE;
				CLANG_WARN_UNREACHABLE_CODE = YES;
				CLANG_WARN__DUPLICATE_METHOD_MATCH = YES;
				COPY_PHASE_STRIP = NO;
				DEBUG_INFORMATION_FORMAT = "dwarf-with-dsym";
				ENABLE_NS_ASSERTIONS = NO;
				ENABLE_STRICT_OBJC_MSGSEND = YES;
				ENABLE_USER_SCRIPT_SANDBOXING = YES;
				GCC_C_LANGUAGE_STANDARD = gnu17;
				GCC_NO_COMMON_BLOCKS = YES;
				GCC_WARN_64_TO_32_BIT_CONVERSION = YES;
				GCC_WARN_ABOUT_RETURN_TYPE = YES_ERROR;
				GCC_WARN_UNDECLARED_SELECTOR = YES;
				GCC_WARN_UNINITIALIZED_AUTOS = YES_AGGRESSIVE;
				GCC_WARN_UNUSED_FUNCTION = YES;
				GCC_WARN_UNUSED_VARIABLE = YES;
				IPHONEOS_DEPLOYMENT_TARGET = 18.2;
				LOCALIZATION_PREFERS_STRING_CATALOGS = YES;
				MTL_ENABLE_DEBUG_INFO = NO;
				MTL_FAST_MATH = YES;
				SDKROOT = iphoneos;
				STRING_CATALOG_GENERATE_SYMBOLS = YES;
				SWIFT_COMPILATION_MODE = wholemodule;
				VALIDATE_PRODUCT = YES;
			};
			name = Release;
		};
		FDACBFA32DA5CC0000866C0E /* Debug */ = {
			isa = XCBuildConfiguration;
			buildSettings = {
				ASSETCATALOG_COMPILER_APPICON_NAME = AppIcon;
				ASSETCATALOG_COMPILER_GLOBAL_ACCENT_COLOR_NAME = AccentColor;
				CODE_SIGN_STYLE = Automatic;
				CURRENT_PROJECT_VERSION = 1;
				DEVELOPMENT_ASSET_PATHS = "\"CampusEvents/Preview Content\"";
				ENABLE_PREVIEWS = YES;
				GENERATE_INFOPLIST_FILE = YES;
				INFOPLIST_KEY_LSApplicationCategoryType = "";
				INFOPLIST_KEY_NSCalendarsFullAccessUsageDescription = "We need access to add events to your calendar.";
				INFOPLIST_KEY_UIApplicationSceneManifest_Generation = YES;
				INFOPLIST_KEY_UIApplicationSupportsIndirectInputEvents = YES;
				INFOPLIST_KEY_UILaunchScreen_Generation = YES;
				INFOPLIST_KEY_UISupportedInterfaceOrientations_iPad = "UIInterfaceOrientationPortrait UIInterfaceOrientationPortraitUpsideDown UIInterfaceOrientationLandscapeLeft UIInterfaceOrientationLandscapeRight";
				INFOPLIST_KEY_UISupportedInterfaceOrientations_iPhone = "UIInterfaceOrientationPortrait UIInterfaceOrientationLandscapeLeft UIInterfaceOrientationLandscapeRight";
				LD_RUNPATH_SEARCH_PATHS = (
					"$(inherited)",
					"@executable_path/Frameworks",
				);
				MARKETING_VERSION = 1.0;
				PRODUCT_BUNDLE_IDENTIFIER = com.andrew.TestApp.CampusEvents;
				PRODUCT_NAME = "$(TARGET_NAME)";
				SWIFT_EMIT_LOC_STRINGS = YES;
				SWIFT_VERSION = 5.0;
				TARGETED_DEVICE_FAMILY = "1,2";
			};
			name = Debug;
		};
		FDACBFA42DA5CC0000866C0E /* Release */ = {
			isa = XCBuildConfiguration;
			buildSettings = {
				ASSETCATALOG_COMPILER_APPICON_NAME = AppIcon;
				ASSETCATALOG_COMPILER_GLOBAL_ACCENT_COLOR_NAME = AccentColor;
				CODE_SIGN_STYLE = Automatic;
				CURRENT_PROJECT_VERSION = 1;
				DEVELOPMENT_ASSET_PATHS = "\"CampusEvents/Preview Content\"";
				ENABLE_PREVIEWS = YES;
				GENERATE_INFOPLIST_FILE = YES;
				INFOPLIST_KEY_LSApplicationCategoryType = "";
				INFOPLIST_KEY_NSCalendarsFullAccessUsageDescription = "We need access to add events to your calendar.";
				INFOPLIST_KEY_UIApplicationSceneManifest_Generation = YES;
				INFOPLIST_KEY_UIApplicationSupportsIndirectInputEvents = YES;
				INFOPLIST_KEY_UILaunchScreen_Generation = YES;
				INFOPLIST_KEY_UISupportedInterfaceOrientations_iPad = "UIInterfaceOrientationPortrait UIInterfaceOrientationPortraitUpsideDown UIInterfaceOrientationLandscapeLeft UIInterfaceOrientationLandscapeRight";
				INFOPLIST_KEY_UISupportedInterfaceOrientations_iPhone = "UIInterfaceOrientationPortrait UIInterfaceOrientationLandscapeLeft UIInterfaceOrientationLandscapeRight";
				LD_RUNPATH_SEARCH_PATHS = (
					"$(inherited)",
					"@executable_path/Frameworks",
				);
				MARKETING_VERSION = 1.0;
				PRODUCT_BUNDLE_IDENTIFIER = com.andrew.TestApp.CampusEvents;
				PRODUCT_NAME = "$(TARGET_NAME)";
				SWIFT_EMIT_LOC_STRINGS = YES;
				SWIFT_VERSION = 5.0;
				TARGETED_DEVICE_FAMILY = "1,2";
			};
			name = Release;
		};
		FDACBFA62DA5CC0000866C0E /* Debug */ = {
			isa = XCBuildConfiguration;
			buildSettings = {
				BUNDLE_LOADER = "$(TEST_HOST)";
				CODE_SIGN_STYLE = Automatic;
				CURRENT_PROJECT_VERSION = 1;
				GENERATE_INFOPLIST_FILE = YES;
				IPHONEOS_DEPLOYMENT_TARGET = 18.2;
				MARKETING_VERSION = 1.0;
				PRODUCT_BUNDLE_IDENTIFIER = com.andrew.TestApp.CampusEventsTests;
				PRODUCT_NAME = "$(TARGET_NAME)";
				SWIFT_EMIT_LOC_STRINGS = NO;
				SWIFT_VERSION = 5.0;
				TARGETED_DEVICE_FAMILY = "1,2";
				TEST_HOST = "$(BUILT_PRODUCTS_DIR)/CampusEvents.app/$(BUNDLE_EXECUTABLE_FOLDER_PATH)/CampusEvents";
			};
			name = Debug;
		};
		FDACBFA72DA5CC0000866C0E /* Release */ = {
			isa = XCBuildConfiguration;
			buildSettings = {
				BUNDLE_LOADER = "$(TEST_HOST)";
				CODE_SIGN_STYLE = Automatic;
				CURRENT_PROJECT_VERSION = 1;
				GENERATE_INFOPLIST_FILE = YES;
				IPHONEOS_DEPLOYMENT_TARGET = 18.2;
				MARKETING_VERSION = 1.0;
				PRODUCT_BUNDLE_IDENTIFIER = com.andrew.TestApp.CampusEventsTests;
				PRODUCT_NAME = "$(TARGET_NAME)";
				SWIFT_EMIT_LOC_STRINGS = NO;
				SWIFT_VERSION = 5.0;
				TARGETED_DEVICE_FAMILY = "1,2";
				TEST_HOST = "$(BUILT_PRODUCTS_DIR)/CampusEvents.app/$(BUNDLE_EXECUTABLE_FOLDER_PATH)/CampusEvents";
			};
			name = Release;
		};
		FDACBFA92DA5CC0000866C0E /* Debug */ = {
			isa = XCBuildConfiguration;
			buildSettings = {
				CODE_SIGN_STYLE = Automatic;
				CURRENT_PROJECT_VERSION = 1;
				GENERATE_INFOPLIST_FILE = YES;
				MARKETING_VERSION = 1.0;
				PRODUCT_BUNDLE_IDENTIFIER = com.andrew.TestApp.CampusEventsUITests;
				PRODUCT_NAME = "$(TARGET_NAME)";
				SWIFT_EMIT_LOC_STRINGS = NO;
				SWIFT_VERSION = 5.0;
				TARGETED_DEVICE_FAMILY = "1,2";
				TEST_TARGET_NAME = CampusEvents;
			};
			name = Debug;
		};
		FDACBFAA2DA5CC0000866C0E /* Release */ = {
			isa = XCBuildConfiguration;
			buildSettings = {
				CODE_SIGN_STYLE = Automatic;
				CURRENT_PROJECT_VERSION = 1;
				GENERATE_INFOPLIST_FILE = YES;
				MARKETING_VERSION = 1.0;
				PRODUCT_BUNDLE_IDENTIFIER = com.andrew.TestApp.CampusEventsUITests;
				PRODUCT_NAME = "$(TARGET_NAME)";
				SWIFT_EMIT_LOC_STRINGS = NO;
				SWIFT_VERSION = 5.0;
				TARGETED_DEVICE_FAMILY = "1,2";
				TEST_TARGET_NAME = CampusEvents;
			};
			name = Release;
		};
/* End XCBuildConfiguration section */

/* Begin XCConfigurationList section */
		FDACBF772DA5CBFE00866C0E /* Build configuration list for PBXProject "CampusEvents" */ = {
			isa = XCConfigurationList;
			buildConfigurations = (
				FDACBFA02DA5CC0000866C0E /* Debug */,
				FDACBFA12DA5CC0000866C0E /* Release */,
			);
			defaultConfigurationIsVisible = 0;
			defaultConfigurationName = Release;
		};
		FDACBFA22DA5CC0000866C0E /* Build configuration list for PBXNativeTarget "CampusEvents" */ = {
			isa = XCConfigurationList;
			buildConfigurations = (
				FDACBFA32DA5CC0000866C0E /* Debug */,
				FDACBFA42DA5CC0000866C0E /* Release */,
			);
			defaultConfigurationIsVisible = 0;
			defaultConfigurationName = Release;
		};
		FDACBFA52DA5CC0000866C0E /* Build configuration list for PBXNativeTarget "CampusEventsTests" */ = {
			isa = XCConfigurationList;
			buildConfigurations = (
				FDACBFA62DA5CC0000866C0E /* Debug */,
				FDACBFA72DA5CC0000866C0E /* Release */,
			);
			defaultConfigurationIsVisible = 0;
			defaultConfigurationName = Release;
		};
		FDACBFA82DA5CC0000866C0E /* Build configuration list for PBXNativeTarget "CampusEventsUITests" */ = {
			isa = XCConfigurationList;
			buildConfigurations = (
				FDACBFA92DA5CC0000866C0E /* Debug */,
				FDACBFAA2DA5CC0000866C0E /* Release */,
			);
			defaultConfigurationIsVisible = 0;
			defaultConfigurationName = Release;
		};
/* End XCConfigurationList section */
	};
	rootObject = FDACBF742DA5CBFE00866C0E /* Project object */;
}
